
Microsoft Visual Studio Solution File, Format Version 12.00
# Visual Studio 15
VisualStudioVersion = 15.0.26430.6
MinimumVisualStudioVersion = 10.0.40219.1
Project("{FAE04EC0-301F-11D3-BF4B-00C04F79EFBC}") = "TimeZoneTest", "TimeZoneTest\TimeZoneTest.csproj", "{17B0DA6B-1669-436E-9386-0F5D76DDCD6C}"
EndProject
Global
	GlobalSection(SolutionConfigurationPlatforms) = preSolution
		Ad-Hoc|iPhone = Ad-Hoc|iPhone
		Ad-Hoc|iPhoneSimulator = Ad-Hoc|iPhoneSimulator
		AppStore|iPhone = AppStore|iPhone
		AppStore|iPhoneSimulator = AppStore|iPhoneSimulator
		Debug|iPhone = Debug|iPhone
		Debug|iPhoneSimulator = Debug|iPhoneSimulator
		Release|iPhone = Release|iPhone
		Release|iPhoneSimulator = Release|iPhoneSimulator
	EndGlobalSection
	GlobalSection(ProjectConfigurationPlatforms) = postSolution
		{17B0DA6B-1669-436E-9386-0F5D76DDCD6C}.Ad-Hoc|iPhone.ActiveCfg = Ad-Hoc|iPhone
		{17B0DA6B-1669-436E-9386-0F5D76DDCD6C}.Ad-Hoc|iPhone.Build.0 = Ad-Hoc|iPhone
		{17B0DA6B-1669-436E-9386-0F5D76DDCD6C}.Ad-Hoc|iPhoneSimulator.ActiveCfg = Ad-Hoc|iPhoneSimulator
		{17B0DA6B-1669-436E-9386-0F5D76DDCD6C}.Ad-Hoc|iPhoneSimulator.Build.0 = Ad-Hoc|iPhoneSimulator
		{17B0DA6B-1669-436E-9386-0F5D76DDCD6C}.AppStore|iPhone.ActiveCfg = AppStore|iPhone
		{17B0DA6B-1669-436E-9386-0F5D76DDCD6C}.AppStore|iPhone.Build.0 = AppStore|iPhone
		{17B0DA6B-1669-436E-9386-0F5D76DDCD6C}.AppStore|iPhoneSimulator.ActiveCfg = AppStore|iPhoneSimulator
		{17B0DA6B-1669-436E-9386-0F5D76DDCD6C}.AppStore|iPhoneSimulator.Build.0 = AppStore|iPhoneSimulator
		{17B0DA6B-1669-436E-9386-0F5D76DDCD6C}.Debug|iPhone.ActiveCfg = Debug|iPhone
		{17B0DA6B-1669-436E-9386-0F5D76DDCD6C}.Debug|iPhone.Build.0 = Debug|iPhone
		{17B0DA6B-1669-436E-9386-0F5D76DDCD6C}.Debug|iPhoneSimulator.ActiveCfg = Debug|iPhoneSimulator
		{17B0DA6B-1669-436E-9386-0F5D76DDCD6C}.Debug|iPhoneSimulator.Build.0 = Debug|iPhoneSimulator
		{17B0DA6B-1669-436E-9386-0F5D76DDCD6C}.Release|iPhone.ActiveCfg = Release|iPhone
		{17B0DA6B-1669-436E-9386-0F5D76DDCD6C}.Release|iPhone.Build.0 = Release|iPhone
		{17B0DA6B-1669-436E-9386-0F5D76DDCD6C}.Release|iPhoneSimulator.ActiveCfg = Release|iPhoneSimulator
		{17B0DA6B-1669-436E-9386-0F5D76DDCD6C}.Release|iPhoneSimulator.Build.0 = Release|iPhoneSimulator
	EndGlobalSection
	GlobalSection(SolutionProperties) = preSolution
		HideSolutionNode = FALSE
	EndGlobalSection
EndGlobal
